
Microsoft Visual Studio Solution File, Format Version 12.00
# Visual Studio Version 16
VisualStudioVersion = 16.0.32106.194
MinimumVisualStudioVersion = 10.0.40219.1
Project("{FAE04EC0-301F-11D3-BF4B-00C04F79EFBC}") = "ClinicaDoctoriSpecializari", "ClinicaDoctoriSpecializari\ClinicaDoctoriSpecializari.csproj", "{6B783B7D-4BDF-449A-8BDD-85504211B1AB}"
EndProject
Global
	GlobalSection(SolutionConfigurationPlatforms) = preSolution
		Debug|Any CPU = Debug|Any CPU
		Release|Any CPU = Release|Any CPU
	EndGlobalSection
	GlobalSection(ProjectConfigurationPlatforms) = postSolution
		{6B783B7D-4BDF-449A-8BDD-85504211B1AB}.Debug|Any CPU.ActiveCfg = Debug|Any CPU
		{6B783B7D-4BDF-449A-8BDD-85504211B1AB}.Debug|Any CPU.Build.0 = Debug|Any CPU
		{6B783B7D-4BDF-449A-8BDD-85504211B1AB}.Release|Any CPU.ActiveCfg = Release|Any CPU
		{6B783B7D-4BDF-449A-8BDD-85504211B1AB}.Release|Any CPU.Build.0 = Release|Any CPU
	EndGlobalSection
	GlobalSection(SolutionProperties) = preSolution
		HideSolutionNode = FALSE
	EndGlobalSection
	GlobalSection(ExtensibilityGlobals) = postSolution
		SolutionGuid = {B90710FB-2323-4E23-AE92-C1173A9CA3EE}
	EndGlobalSection
EndGlobal
